
Microsoft Visual Studio Solution File, Format Version 12.00
# Visual Studio Version 16
VisualStudioVersion = 16.0.29709.97
MinimumVisualStudioVersion = 10.0.40219.1
Project("{9A19103F-16F7-4668-BE54-9A1E7A4F7556}") = "Domain", "Domain\Domain.csproj", "{87E49E4D-275C-4413-BA86-472E6A3368DF}"
EndProject
Project("{9A19103F-16F7-4668-BE54-9A1E7A4F7556}") = "AppConsole", "AppConsole\AppConsole.csproj", "{25748E9B-77CA-4B98-A97D-3C084A8262A4}"
EndProject
Project("{2150E333-8FDC-42A3-9474-1A3956D46DE8}") = "LINQ", "LINQ", "{B8B0E853-1E83-4DD9-8484-31112FE0CAD1}"
EndProject
Project("{9A19103F-16F7-4668-BE54-9A1E7A4F7556}") = "ConsoleTeste", "LINQ.Console\ConsoleTeste.csproj", "{A7ABE15E-8C00-4479-9E9D-E4D8E98DF109}"
EndProject
Project("{FAE04EC0-301F-11D3-BF4B-00C04F79EFBC}") = "DomainTeste", "DomainTeste\DomainTeste.csproj", "{1B9A656F-6930-4BEA-9E20-43A1A537071B}"
EndProject
Global
	GlobalSection(SolutionConfigurationPlatforms) = preSolution
		Debug|Any CPU = Debug|Any CPU
		Release|Any CPU = Release|Any CPU
	EndGlobalSection
	GlobalSection(ProjectConfigurationPlatforms) = postSolution
		{87E49E4D-275C-4413-BA86-472E6A3368DF}.Debug|Any CPU.ActiveCfg = Debug|Any CPU
		{87E49E4D-275C-4413-BA86-472E6A3368DF}.Debug|Any CPU.Build.0 = Debug|Any CPU
		{87E49E4D-275C-4413-BA86-472E6A3368DF}.Release|Any CPU.ActiveCfg = Release|Any CPU
		{87E49E4D-275C-4413-BA86-472E6A3368DF}.Release|Any CPU.Build.0 = Release|Any CPU
		{25748E9B-77CA-4B98-A97D-3C084A8262A4}.Debug|Any CPU.ActiveCfg = Debug|Any CPU
		{25748E9B-77CA-4B98-A97D-3C084A8262A4}.Debug|Any CPU.Build.0 = Debug|Any CPU
		{25748E9B-77CA-4B98-A97D-3C084A8262A4}.Release|Any CPU.ActiveCfg = Release|Any CPU
		{25748E9B-77CA-4B98-A97D-3C084A8262A4}.Release|Any CPU.Build.0 = Release|Any CPU
		{A7ABE15E-8C00-4479-9E9D-E4D8E98DF109}.Debug|Any CPU.ActiveCfg = Debug|Any CPU
		{A7ABE15E-8C00-4479-9E9D-E4D8E98DF109}.Debug|Any CPU.Build.0 = Debug|Any CPU
		{A7ABE15E-8C00-4479-9E9D-E4D8E98DF109}.Release|Any CPU.ActiveCfg = Release|Any CPU
		{A7ABE15E-8C00-4479-9E9D-E4D8E98DF109}.Release|Any CPU.Build.0 = Release|Any CPU
		{1B9A656F-6930-4BEA-9E20-43A1A537071B}.Debug|Any CPU.ActiveCfg = Debug|Any CPU
		{1B9A656F-6930-4BEA-9E20-43A1A537071B}.Debug|Any CPU.Build.0 = Debug|Any CPU
		{1B9A656F-6930-4BEA-9E20-43A1A537071B}.Release|Any CPU.ActiveCfg = Release|Any CPU
		{1B9A656F-6930-4BEA-9E20-43A1A537071B}.Release|Any CPU.Build.0 = Release|Any CPU
	EndGlobalSection
	GlobalSection(SolutionProperties) = preSolution
		HideSolutionNode = FALSE
	EndGlobalSection
	GlobalSection(NestedProjects) = preSolution
		{A7ABE15E-8C00-4479-9E9D-E4D8E98DF109} = {B8B0E853-1E83-4DD9-8484-31112FE0CAD1}
		{1B9A656F-6930-4BEA-9E20-43A1A537071B} = {B8B0E853-1E83-4DD9-8484-31112FE0CAD1}
	EndGlobalSection
	GlobalSection(ExtensibilityGlobals) = postSolution
		SolutionGuid = {6A41C5FE-CD12-47C4-9DDC-DA1244AC6BBF}
	EndGlobalSection
EndGlobal
