
Microsoft Visual Studio Solution File, Format Version 12.00
# Visual Studio Version 16
VisualStudioVersion = 16.0.29709.97
MinimumVisualStudioVersion = 10.0.40219.1
Project("{FAE04EC0-301F-11D3-BF4B-00C04F79EFBC}") = "Domain", "Domain\Domain.csproj", "{87E49E4D-275C-4413-BA86-472E6A3368DF}"
EndProject
Global
	GlobalSection(SolutionConfigurationPlatforms) = preSolution
		Debug|Any CPU = Debug|Any CPU
		Release|Any CPU = Release|Any CPU
	EndGlobalSection
	GlobalSection(ProjectConfigurationPlatforms) = postSolution
		{87E49E4D-275C-4413-BA86-472E6A3368DF}.Debug|Any CPU.ActiveCfg = Debug|Any CPU
		{87E49E4D-275C-4413-BA86-472E6A3368DF}.Debug|Any CPU.Build.0 = Debug|Any CPU
		{87E49E4D-275C-4413-BA86-472E6A3368DF}.Release|Any CPU.ActiveCfg = Release|Any CPU
		{87E49E4D-275C-4413-BA86-472E6A3368DF}.Release|Any CPU.Build.0 = Release|Any CPU
	EndGlobalSection
	GlobalSection(SolutionProperties) = preSolution
		HideSolutionNode = FALSE
	EndGlobalSection
	GlobalSection(ExtensibilityGlobals) = postSolution
		SolutionGuid = {6A41C5FE-CD12-47C4-9DDC-DA1244AC6BBF}
	EndGlobalSection
EndGlobal
